
Microsoft Visual Studio Solution File, Format Version 12.00
# Visual Studio Version 16
VisualStudioVersion = 16.0.29001.49
MinimumVisualStudioVersion = 10.0.40219.1
Project("{FAE04EC0-301F-11D3-BF4B-00C04F79EFBC}") = "monProjetGit", "monProjetGit\monProjetGit.csproj", "{6CFC9A37-F122-4736-AFFF-7CCE677601BA}"
EndProject
Global
	GlobalSection(SolutionConfigurationPlatforms) = preSolution
		Debug|Any CPU = Debug|Any CPU
		Release|Any CPU = Release|Any CPU
	EndGlobalSection
	GlobalSection(ProjectConfigurationPlatforms) = postSolution
		{6CFC9A37-F122-4736-AFFF-7CCE677601BA}.Debug|Any CPU.ActiveCfg = Debug|Any CPU
		{6CFC9A37-F122-4736-AFFF-7CCE677601BA}.Debug|Any CPU.Build.0 = Debug|Any CPU
		{6CFC9A37-F122-4736-AFFF-7CCE677601BA}.Release|Any CPU.ActiveCfg = Release|Any CPU
		{6CFC9A37-F122-4736-AFFF-7CCE677601BA}.Release|Any CPU.Build.0 = Release|Any CPU
	EndGlobalSection
	GlobalSection(SolutionProperties) = preSolution
		HideSolutionNode = FALSE
	EndGlobalSection
	GlobalSection(ExtensibilityGlobals) = postSolution
		SolutionGuid = {F9750CD4-0EE5-4326-B60A-ED88B9A40332}
	EndGlobalSection
EndGlobal
